
Microsoft Visual Studio Solution File, Format Version 12.00
# Visual Studio 15
VisualStudioVersion = 15.0.27130.0
MinimumVisualStudioVersion = 10.0.40219.1
Project("{FAE04EC0-301F-11D3-BF4B-00C04F79EFBC}") = "ISU_Song", "ISU_Song\ISU_Song\ISU_Song.csproj", "{0C36A304-69DF-4932-A2DE-B9A482A88272}"
EndProject
Project("{96E2B04D-8817-42C6-938A-82C39BA4D311}") = "ISU_SongContent", "ISU_Song\ISU_SongContent\ISU_SongContent.contentproj", "{1F3B40D5-8961-4327-AD6B-53CF57B269D3}"
EndProject
Global
	GlobalSection(SolutionConfigurationPlatforms) = preSolution
		Debug|x86 = Debug|x86
		Release|x86 = Release|x86
	EndGlobalSection
	GlobalSection(ProjectConfigurationPlatforms) = postSolution
		{0C36A304-69DF-4932-A2DE-B9A482A88272}.Debug|x86.ActiveCfg = Debug|x86
		{0C36A304-69DF-4932-A2DE-B9A482A88272}.Debug|x86.Build.0 = Debug|x86
		{0C36A304-69DF-4932-A2DE-B9A482A88272}.Release|x86.ActiveCfg = Release|x86
		{0C36A304-69DF-4932-A2DE-B9A482A88272}.Release|x86.Build.0 = Release|x86
		{1F3B40D5-8961-4327-AD6B-53CF57B269D3}.Debug|x86.ActiveCfg = Debug|x86
		{1F3B40D5-8961-4327-AD6B-53CF57B269D3}.Release|x86.ActiveCfg = Release|x86
	EndGlobalSection
	GlobalSection(SolutionProperties) = preSolution
		HideSolutionNode = FALSE
	EndGlobalSection
	GlobalSection(ExtensibilityGlobals) = postSolution
		SolutionGuid = {9F0C3E8D-9800-4470-80BE-BB2338B03F52}
	EndGlobalSection
EndGlobal
